{
    "requires": true,
    "lockfileVersion": 1,
    "dependencies": {
        "distpicker": {
            "version": "2.0.2",
            "resolved": "http://registry.npm.taobao.org/distpicker/download/distpicker-2.0.2.tgz",
            "integrity": "sha1-VEjWOPNgNS+hlDCeWrHEjqIAxOE="
        }
    }
}
